
Microsoft Visual Studio Solution File, Format Version 12.00
# Visual Studio Version 17
VisualStudioVersion = 17.4.33205.214
MinimumVisualStudioVersion = 10.0.40219.1
Project("{FAE04EC0-301F-11D3-BF4B-00C04F79EFBC}") = "NoteKeeper", "NoteKeeper.csproj", "{61030655-E181-489D-A011-4106F7991383}"
EndProject
Project("{FAE04EC0-301F-11D3-BF4B-00C04F79EFBC}") = "NoteKeeperTest", "..\NoteKeeperTest\NoteKeeperTest.csproj", "{49C2C60E-0602-415E-8C31-27CBBBBD3ADD}"
EndProject
Global
	GlobalSection(SolutionConfigurationPlatforms) = preSolution
		Debug|Any CPU = Debug|Any CPU
		Release|Any CPU = Release|Any CPU
	EndGlobalSection
	GlobalSection(ProjectConfigurationPlatforms) = postSolution
		{61030655-E181-489D-A011-4106F7991383}.Debug|Any CPU.ActiveCfg = Debug|Any CPU
		{61030655-E181-489D-A011-4106F7991383}.Debug|Any CPU.Build.0 = Debug|Any CPU
		{61030655-E181-489D-A011-4106F7991383}.Release|Any CPU.ActiveCfg = Release|Any CPU
		{61030655-E181-489D-A011-4106F7991383}.Release|Any CPU.Build.0 = Release|Any CPU
		{49C2C60E-0602-415E-8C31-27CBBBBD3ADD}.Debug|Any CPU.ActiveCfg = Debug|Any CPU
		{49C2C60E-0602-415E-8C31-27CBBBBD3ADD}.Debug|Any CPU.Build.0 = Debug|Any CPU
		{49C2C60E-0602-415E-8C31-27CBBBBD3ADD}.Release|Any CPU.ActiveCfg = Release|Any CPU
		{49C2C60E-0602-415E-8C31-27CBBBBD3ADD}.Release|Any CPU.Build.0 = Release|Any CPU
	EndGlobalSection
	GlobalSection(SolutionProperties) = preSolution
		HideSolutionNode = FALSE
	EndGlobalSection
	GlobalSection(ExtensibilityGlobals) = postSolution
		SolutionGuid = {DD9D7774-3041-4210-B3F3-1646E6A2954F}
	EndGlobalSection
EndGlobal
